// !$*UTF8*$!
{
	archiveVersion = 1;
	classes = {
	};
	objectVersion = 46;
	objects = {

/* Begin PBXBuildFile section */
		7FF665271DB3205700A3935C /* AppDelegate.swift in Sources */ = {isa = PBXBuildFile; fileRef = 7FF665261DB3205700A3935C /* AppDelegate.swift */; };
		7FF665291DB3205700A3935C /* ViewController.swift in Sources */ = {isa = PBXBuildFile; fileRef = 7FF665281DB3205700A3935C /* ViewController.swift */; };
		7FF6652C1DB3205700A3935C /* Main.storyboard in Resources */ = {isa = PBXBuildFile; fileRef = 7FF6652A1DB3205700A3935C /* Main.storyboard */; };
		7FF6652E1DB3205700A3935C /* Assets.xcassets in Resources */ = {isa = PBXBuildFile; fileRef = 7FF6652D1DB3205700A3935C /* Assets.xcassets */; };
		7FF665311DB3205700A3935C /* LaunchScreen.storyboard in Resources */ = {isa = PBXBuildFile; fileRef = 7FF6652F1DB3205700A3935C /* LaunchScreen.storyboard */; };
/* End PBXBuildFile section */

/* Begin PBXFileReference section */
		7FF665231DB3205700A3935C /* CoreMotionBallDemo.app */ = {isa = PBXFileReference; explicitFileType = wrapper.application; includeInIndex = 0; path = CoreMotionBallDemo.app; sourceTree = BUILT_PRODUCTS_DIR; };
		7FF665261DB3205700A3935C /* AppDelegate.swift */ = {isa = PBXFileReference; lastKnownFileType = sourcecode.swift; path = AppDelegate.swift; sourceTree = "<group>"; };
		7FF665281DB3205700A3935C /* ViewController.swift */ = {isa = PBXFileReference; lastKnownFileType = sourcecode.swift; path = ViewController.swift; sourceTree = "<group>"; };
		7FF6652B1DB3205700A3935C /* Base */ = {isa = PBXFileReference; lastKnownFileType = file.storyboard; name = Base; path = Base.lproj/Main.storyboard; sourceTree = "<group>"; };
		7FF6652D1DB3205700A3935C /* Assets.xcassets */ = {isa = PBXFileReference; lastKnownFileType = folder.assetcatalog; path = Assets.xcassets; sourceTree = "<group>"; };
		7FF665301DB3205700A3935C /* Base */ = {isa = PBXFileReference; lastKnownFileType = file.storyboard; name = Base; path = Base.lproj/LaunchScreen.storyboard; sourceTree = "<group>"; };
		7FF665321DB3205700A3935C /* Info.plist */ = {isa = PBXFileReference; lastKnownFileType = text.plist.xml; path = Info.plist; sourceTree = "<group>"; };
/* End PBXFileReference section */

/* Begin PBXFrameworksBuildPhase section */
		7FF665201DB3205700A3935C /* Frameworks */ = {
			isa = PBXFrameworksBuildPhase;
			buildActionMask = 2147483647;
			files = (
			);
			runOnlyForDeploymentPostprocessing = 0;
		};
/* End PBXFrameworksBuildPhase section */

/* Begin PBXGroup section */
		7FF6651A1DB3205700A3935C = {
			isa = PBXGroup;
			children = (
				7FF665251DB3205700A3935C /* CoreMotionBallDemo */,
				7FF665241DB3205700A3935C /* Products */,
			);
			sourceTree = "<group>";
		};
		7FF665241DB3205700A3935C /* Products */ = {
			isa = PBXGroup;
			children = (
				7FF665231DB3205700A3935C /* CoreMotionBallDemo.app */,
			);
			name = Products;
			sourceTree = "<group>";
		};
		7FF665251DB3205700A3935C /* CoreMotionBallDemo */ = {
			isa = PBXGroup;
			children = (
				7FF665261DB3205700A3935C /* AppDelegate.swift */,
				7FF665281DB3205700A3935C /* ViewController.swift */,
				7FF6652A1DB3205700A3935C /* Main.storyboard */,
				7FF6652D1DB3205700A3935C /* Assets.xcassets */,
				7FF6652F1DB3205700A3935C /* LaunchScreen.storyboard */,
				7FF665321DB3205700A3935C /* Info.plist */,
			);
			path = CoreMotionBallDemo;
			sourceTree = "<group>";
		};
/* End PBXGroup section */

/* Begin PBXNativeTarget section */
		7FF665221DB3205700A3935C /* CoreMotionBallDemo */ = {
			isa = PBXNativeTarget;
			buildConfigurationList = 7FF665351DB3205700A3935C /* Build configuration list for PBXNativeTarget "CoreMotionBallDemo" */;
			buildPhases = (
				7FF6651F1DB3205700A3935C /* Sources */,
				7FF665201DB3205700A3935C /* Frameworks */,
				7FF665211DB3205700A3935C /* Resources */,
			);
			buildRules = (
			);
			dependencies = (
			);
			name = CoreMotionBallDemo;
			productName = CoreMotionBallDemo;
			productReference = 7FF665231DB3205700A3935C /* CoreMotionBallDemo.app */;
			productType = "com.apple.product-type.application";
		};
/* End PBXNativeTarget section */

/* Begin PBXProject section */
		7FF6651B1DB3205700A3935C /* Project object */ = {
			isa = PBXProject;
			attributes = {
				LastSwiftUpdateCheck = 0800;
				LastUpgradeCheck = 0800;
				ORGANIZATIONNAME = loulan;
				TargetAttributes = {
					7FF665221DB3205700A3935C = {
						CreatedOnToolsVersion = 8.0;
						DevelopmentTeam = 6687NJS8Y9;
						ProvisioningStyle = Automatic;
					};
				};
			};
			buildConfigurationList = 7FF6651E1DB3205700A3935C /* Build configuration list for PBXProject "CoreMotionBallDemo" */;
			compatibilityVersion = "Xcode 3.2";
			developmentRegion = English;
			hasScannedForEncodings = 0;
			knownRegions = (
				en,
				Base,
			);
			mainGroup = 7FF6651A1DB3205700A3935C;
			productRefGroup = 7FF665241DB3205700A3935C /* Products */;
			projectDirPath = "";
			projectRoot = "";
			targets = (
				7FF665221DB3205700A3935C /* CoreMotionBallDemo */,
			);
		};
/* End PBXProject section */

/* Begin PBXResourcesBuildPhase section */
		7FF665211DB3205700A3935C /* Resources */ = {
			isa = PBXResourcesBuildPhase;
			buildActionMask = 2147483647;
			files = (
				7FF665311DB3205700A3935C /* LaunchScreen.storyboard in Resources */,
				7FF6652E1DB3205700A3935C /* Assets.xcassets in Resources */,
				7FF6652C1DB3205700A3935C /* Main.storyboard in Resources */,
			);
			runOnlyForDeploymentPostprocessing = 0;
		};
/* End PBXResourcesBuildPhase section */

/* Begin PBXSourcesBuildPhase section */
		7FF6651F1DB3205700A3935C /* Sources */ = {
			isa = PBXSourcesBuildPhase;
			buildActionMask = 2147483647;
			files = (
				7FF665291DB3205700A3935C /* ViewController.swift in Sources */,
				7FF665271DB3205700A3935C /* AppDelegate.swift in Sources */,
			);
			runOnlyForDeploymentPostprocessing = 0;
		};
/* End PBXSourcesBuildPhase section */

/* Begin PBXVariantGroup section */
		7FF6652A1DB3205700A3935C /* Main.storyboard */ = {
			isa = PBXVariantGroup;
			children = (
				7FF6652B1DB3205700A3935C /* Base */,
			);
			name = Main.storyboard;
			sourceTree = "<group>";
		};
		7FF6652F1DB3205700A3935C /* LaunchScreen.storyboard */ = {
			isa = PBXVariantGroup;
			children = (
				7FF665301DB3205700A3935C /* Base */,
			);
			name = LaunchScreen.storyboard;
			sourceTree = "<group>";
		};
/* End PBXVariantGroup section */

/* Begin XCBuildConfiguration section */
		7FF665331DB3205700A3935C /* Debug */ = {
			isa = XCBuildConfiguration;
			buildSettings = {
				ALWAYS_SEARCH_USER_PATHS = NO;
				CLANG_ANALYZER_NONNULL = YES;
				CLANG_CXX_LANGUAGE_STANDARD = "gnu++0x";
				CLANG_CXX_LIBRARY = "libc++";
				CLANG_ENABLE_MODULES = YES;
				CLANG_ENABLE_OBJC_ARC = YES;
				CLANG_WARN_BOOL_CONVERSION = YES;
				CLANG_WARN_CONSTANT_CONVERSION = YES;
				CLANG_WARN_DIRECT_OBJC_ISA_USAGE = YES_ERROR;
				CLANG_WARN_DOCUMENTATION_COMMENTS = YES;
				CLANG_WARN_EMPTY_BODY = YES;
				CLANG_WARN_ENUM_CONVERSION = YES;
				CLANG_WARN_INFINITE_RECURSION = YES;
				CLANG_WARN_INT_CONVERSION = YES;
				CLANG_WARN_OBJC_ROOT_CLASS = YES_ERROR;
				CLANG_WARN_SUSPICIOUS_MOVES = YES;
				CLANG_WARN_UNREACHABLE_CODE = YES;
				CLANG_WARN__DUPLICATE_METHOD_MATCH = YES;
				"CODE_SIGN_IDENTITY[sdk=iphoneos*]" = "iPhone Developer";
				COPY_PHASE_STRIP = NO;
				DEBUG_INFORMATION_FORMAT = dwarf;
				ENABLE_STRICT_OBJC_MSGSEND = YES;
				ENABLE_TESTABILITY = YES;
				GCC_C_LANGUAGE_STANDARD = gnu99;
				GCC_DYNAMIC_NO_PIC = NO;
				GCC_NO_COMMON_BLOCKS = YES;
				GCC_OPTIMIZATION_LEVEL = 0;
				GCC_PREPROCESSOR_DEFINITIONS = (
					"DEBUG=1",
					"$(inherited)",
				);
				GCC_WARN_64_TO_32_BIT_CONVERSION = YES;
				GCC_WARN_ABOUT_RETURN_TYPE = YES_ERROR;
				GCC_WARN_UNDECLARED_SELECTOR = YES;
				GCC_WARN_UNINITIALIZED_AUTOS = YES_AGGRESSIVE;
				GCC_WARN_UNUSED_FUNCTION = YES;
				GCC_WARN_UNUSED_VARIABLE = YES;
				IPHONEOS_DEPLOYMENT_TARGET = 10.0;
				MTL_ENABLE_DEBUG_INFO = YES;
				ONLY_ACTIVE_ARCH = YES;
				SDKROOT = iphoneos;
				SWIFT_ACTIVE_COMPILATION_CONDITIONS = DEBUG;
				SWIFT_OPTIMIZATION_LEVEL = "-Onone";
				TARGETED_DEVICE_FAMILY = "1,2";
			};
			name = Debug;
		};
		7FF665341DB3205700A3935C /* Release */ = {
			isa = XCBuildConfiguration;
			buildSettings = {
				ALWAYS_SEARCH_USER_PATHS = NO;
				CLANG_ANALYZER_NONNULL = YES;
				CLANG_CXX_LANGUAGE_STANDARD = "gnu++0x";
				CLANG_CXX_LIBRARY = "libc++";
				CLANG_ENABLE_MODULES = YES;
				CLANG_ENABLE_OBJC_ARC = YES;
				CLANG_WARN_BOOL_CONVERSION = YES;
				CLANG_WARN_CONSTANT_CONVERSION = YES;
				CLANG_WARN_DIRECT_OBJC_ISA_USAGE = YES_ERROR;
				CLANG_WARN_DOCUMENTATION_COMMENTS = YES;
				CLANG_WARN_EMPTY_BODY = YES;
				CLANG_WARN_ENUM_CONVERSION = YES;
				CLANG_WARN_INFINITE_RECURSION = YES;
				CLANG_WARN_INT_CONVERSION = YES;
				CLANG_WARN_OBJC_ROOT_CLASS = YES_ERROR;
				CLANG_WARN_SUSPICIOUS_MOVES = YES;
				CLANG_WARN_UNREACHABLE_CODE = YES;
				CLANG_WARN__DUPLICATE_METHOD_MATCH = YES;
				"CODE_SIGN_IDENTITY[sdk=iphoneos*]" = "iPhone Developer";
				COPY_PHASE_STRIP = NO;
				DEBUG_INFORMATION_FORMAT = "dwarf-with-dsym";
				ENABLE_NS_ASSERTIONS = NO;
				ENABLE_STRICT_OBJC_MSGSEND = YES;
				GCC_C_LANGUAGE_STANDARD = gnu99;
				GCC_NO_COMMON_BLOCKS = YES;
				GCC_WARN_64_TO_32_BIT_CONVERSION = YES;
				GCC_WARN_ABOUT_RETURN_TYPE = YES_ERROR;
				GCC_WARN_UNDECLARED_SELECTOR = YES;
				GCC_WARN_UNINITIALIZED_AUTOS = YES_AGGRESSIVE;
				GCC_WARN_UNUSED_FUNCTION = YES;
				GCC_WARN_UNUSED_VARIABLE = YES;
				IPHONEOS_DEPLOYMENT_TARGET = 10.0;
				MTL_ENABLE_DEBUG_INFO = NO;
				SDKROOT = iphoneos;
				SWIFT_OPTIMIZATION_LEVEL = "-Owholemodule";
				TARGETED_DEVICE_FAMILY = "1,2";
				VALIDATE_PRODUCT = YES;
			};
			name = Release;
		};
		7FF665361DB3205700A3935C /* Debug */ = {
			isa = XCBuildConfiguration;
			buildSettings = {
				ASSETCATALOG_COMPILER_APPICON_NAME = AppIcon;
				DEVELOPMENT_TEAM = 6687NJS8Y9;
				INFOPLIST_FILE = CoreMotionBallDemo/Info.plist;
				LD_RUNPATH_SEARCH_PATHS = "$(inherited) @executable_path/Frameworks";
				PRODUCT_BUNDLE_IDENTIFIER = me.loulan.text;
				PRODUCT_NAME = "$(TARGET_NAME)";
				SWIFT_VERSION = 3.0;
			};
			name = Debug;
		};
		7FF665371DB3205700A3935C /* Release */ = {
			isa = XCBuildConfiguration;
			buildSettings = {
				ASSETCATALOG_COMPILER_APPICON_NAME = AppIcon;
				DEVELOPMENT_TEAM = 6687NJS8Y9;
				INFOPLIST_FILE = CoreMotionBallDemo/Info.plist;
				LD_RUNPATH_SEARCH_PATHS = "$(inherited) @executable_path/Frameworks";
				PRODUCT_BUNDLE_IDENTIFIER = me.loulan.text;
				PRODUCT_NAME = "$(TARGET_NAME)";
				SWIFT_VERSION = 3.0;
			};
			name = Release;
		};
/* End XCBuildConfiguration section */

/* Begin XCConfigurationList section */
		7FF6651E1DB3205700A3935C /* Build configuration list for PBXProject "CoreMotionBallDemo" */ = {
			isa = XCConfigurationList;
			buildConfigurations = (
				7FF665331DB3205700A3935C /* Debug */,
				7FF665341DB3205700A3935C /* Release */,
			);
			defaultConfigurationIsVisible = 0;
			defaultConfigurationName = Release;
		};
		7FF665351DB3205700A3935C /* Build configuration list for PBXNativeTarget "CoreMotionBallDemo" */ = {
			isa = XCConfigurationList;
			buildConfigurations = (
				7FF665361DB3205700A3935C /* Debug */,
				7FF665371DB3205700A3935C /* Release */,
			);
			defaultConfigurationIsVisible = 0;
		};
/* End XCConfigurationList section */
	};
	rootObject = 7FF6651B1DB3205700A3935C /* Project object */;
}
